// !$*UTF8*$!
{
	archiveVersion = 1;
	classes = {
	};
	objectVersion = 48;
	objects = {

/* Begin PBXBuildFile section */
		895FCF951F3BE7E7008954F3 /* AppDelegate.swift in Sources */ = {isa = PBXBuildFile; fileRef = 895FCF941F3BE7E7008954F3 /* AppDelegate.swift */; };
		895FCF971F3BE7E7008954F3 /* ViewController.swift in Sources */ = {isa = PBXBuildFile; fileRef = 895FCF961F3BE7E7008954F3 /* ViewController.swift */; };
		895FCF9A1F3BE7E7008954F3 /* Main.storyboard in Resources */ = {isa = PBXBuildFile; fileRef = 895FCF981F3BE7E7008954F3 /* Main.storyboard */; };
		895FCF9C1F3BE7E7008954F3 /* Assets.xcassets in Resources */ = {isa = PBXBuildFile; fileRef = 895FCF9B1F3BE7E7008954F3 /* Assets.xcassets */; };
		895FCF9F1F3BE7E7008954F3 /* LaunchScreen.storyboard in Resources */ = {isa = PBXBuildFile; fileRef = 895FCF9D1F3BE7E7008954F3 /* LaunchScreen.storyboard */; };
		895FCFE51F3C2EC3008954F3 /* PetroneAPI.framework in Frameworks */ = {isa = PBXBuildFile; fileRef = 895FCFE41F3C2EC3008954F3 /* PetroneAPI.framework */; };
		895FCFE71F3C2FC0008954F3 /* PetroneAPI.framework in Embed Frameworks */ = {isa = PBXBuildFile; fileRef = 895FCFE41F3C2EC3008954F3 /* PetroneAPI.framework */; settings = {ATTRIBUTES = (CodeSignOnCopy, RemoveHeadersOnCopy, ); }; };
/* End PBXBuildFile section */

/* Begin PBXCopyFilesBuildPhase section */
		895FCFE81F3C2FC1008954F3 /* Embed Frameworks */ = {
			isa = PBXCopyFilesBuildPhase;
			buildActionMask = 2147483647;
			dstPath = "";
			dstSubfolderSpec = 10;
			files = (
				895FCFE71F3C2FC0008954F3 /* PetroneAPI.framework in Embed Frameworks */,
			);
			name = "Embed Frameworks";
			runOnlyForDeploymentPostprocessing = 0;
		};
/* End PBXCopyFilesBuildPhase section */

/* Begin PBXFileReference section */
		895FCF911F3BE7E7008954F3 /* example.app */ = {isa = PBXFileReference; explicitFileType = wrapper.application; includeInIndex = 0; path = example.app; sourceTree = BUILT_PRODUCTS_DIR; };
		895FCF941F3BE7E7008954F3 /* AppDelegate.swift */ = {isa = PBXFileReference; lastKnownFileType = sourcecode.swift; path = AppDelegate.swift; sourceTree = "<group>"; };
		895FCF961F3BE7E7008954F3 /* ViewController.swift */ = {isa = PBXFileReference; lastKnownFileType = sourcecode.swift; path = ViewController.swift; sourceTree = "<group>"; };
		895FCF991F3BE7E7008954F3 /* Base */ = {isa = PBXFileReference; lastKnownFileType = file.storyboard; name = Base; path = Base.lproj/Main.storyboard; sourceTree = "<group>"; };
		895FCF9B1F3BE7E7008954F3 /* Assets.xcassets */ = {isa = PBXFileReference; lastKnownFileType = folder.assetcatalog; path = Assets.xcassets; sourceTree = "<group>"; };
		895FCF9E1F3BE7E7008954F3 /* Base */ = {isa = PBXFileReference; lastKnownFileType = file.storyboard; name = Base; path = Base.lproj/LaunchScreen.storyboard; sourceTree = "<group>"; };
		895FCFA01F3BE7E7008954F3 /* Info.plist */ = {isa = PBXFileReference; lastKnownFileType = text.plist.xml; path = Info.plist; sourceTree = "<group>"; };
		895FCFAB1F3BED80008954F3 /* CoreBluetooth.framework */ = {isa = PBXFileReference; lastKnownFileType = wrapper.framework; name = CoreBluetooth.framework; path = System/Library/Frameworks/CoreBluetooth.framework; sourceTree = SDKROOT; };
		895FCFE41F3C2EC3008954F3 /* PetroneAPI.framework */ = {isa = PBXFileReference; lastKnownFileType = wrapper.framework; name = PetroneAPI.framework; path = "../../Library/Developer/Xcode/DerivedData/PetroneAPI-bglmbzmyiyazgscijoekibhckudp/Build/Products/Debug-iphoneos/PetroneAPI.framework"; sourceTree = "<group>"; };
/* End PBXFileReference section */

/* Begin PBXFrameworksBuildPhase section */
		895FCF8E1F3BE7E7008954F3 /* Frameworks */ = {
			isa = PBXFrameworksBuildPhase;
			buildActionMask = 2147483647;
			files = (
				895FCFE51F3C2EC3008954F3 /* PetroneAPI.framework in Frameworks */,
			);
			runOnlyForDeploymentPostprocessing = 0;
		};
/* End PBXFrameworksBuildPhase section */

/* Begin PBXGroup section */
		895FCF881F3BE7E7008954F3 = {
			isa = PBXGroup;
			children = (
				895FCF931F3BE7E7008954F3 /* example1 */,
				895FCF921F3BE7E7008954F3 /* Products */,
				895FCFAA1F3BED80008954F3 /* Frameworks */,
			);
			sourceTree = "<group>";
		};
		895FCF921F3BE7E7008954F3 /* Products */ = {
			isa = PBXGroup;
			children = (
				895FCF911F3BE7E7008954F3 /* example.app */,
			);
			name = Products;
			sourceTree = "<group>";
		};
		895FCF931F3BE7E7008954F3 /* example1 */ = {
			isa = PBXGroup;
			children = (
				895FCF941F3BE7E7008954F3 /* AppDelegate.swift */,
				895FCF961F3BE7E7008954F3 /* ViewController.swift */,
				895FCF981F3BE7E7008954F3 /* Main.storyboard */,
				895FCF9B1F3BE7E7008954F3 /* Assets.xcassets */,
				895FCF9D1F3BE7E7008954F3 /* LaunchScreen.storyboard */,
				895FCFA01F3BE7E7008954F3 /* Info.plist */,
			);
			path = example1;
			sourceTree = "<group>";
		};
		895FCFAA1F3BED80008954F3 /* Frameworks */ = {
			isa = PBXGroup;
			children = (
				895FCFE41F3C2EC3008954F3 /* PetroneAPI.framework */,
				895FCFAB1F3BED80008954F3 /* CoreBluetooth.framework */,
			);
			name = Frameworks;
			sourceTree = "<group>";
		};
/* End PBXGroup section */

/* Begin PBXNativeTarget section */
		895FCF901F3BE7E7008954F3 /* example */ = {
			isa = PBXNativeTarget;
			buildConfigurationList = 895FCFA31F3BE7E7008954F3 /* Build configuration list for PBXNativeTarget "example" */;
			buildPhases = (
				895FCF8D1F3BE7E7008954F3 /* Sources */,
				895FCF8E1F3BE7E7008954F3 /* Frameworks */,
				895FCF8F1F3BE7E7008954F3 /* Resources */,
				895FCFE81F3C2FC1008954F3 /* Embed Frameworks */,
			);
			buildRules = (
			);
			dependencies = (
			);
			name = example;
			productName = example1;
			productReference = 895FCF911F3BE7E7008954F3 /* example.app */;
			productType = "com.apple.product-type.application";
		};
/* End PBXNativeTarget section */

/* Begin PBXProject section */
		895FCF891F3BE7E7008954F3 /* Project object */ = {
			isa = PBXProject;
			attributes = {
				LastSwiftUpdateCheck = 0900;
				LastUpgradeCheck = 0900;
				ORGANIZATIONNAME = Byrobot;
				TargetAttributes = {
					895FCF901F3BE7E7008954F3 = {
						CreatedOnToolsVersion = 9.0;
					};
				};
			};
			buildConfigurationList = 895FCF8C1F3BE7E7008954F3 /* Build configuration list for PBXProject "example" */;
			compatibilityVersion = "Xcode 8.0";
			developmentRegion = en;
			hasScannedForEncodings = 0;
			knownRegions = (
				en,
				Base,
			);
			mainGroup = 895FCF881F3BE7E7008954F3;
			productRefGroup = 895FCF921F3BE7E7008954F3 /* Products */;
			projectDirPath = "";
			projectRoot = "";
			targets = (
				895FCF901F3BE7E7008954F3 /* example */,
			);
		};
/* End PBXProject section */

/* Begin PBXResourcesBuildPhase section */
		895FCF8F1F3BE7E7008954F3 /* Resources */ = {
			isa = PBXResourcesBuildPhase;
			buildActionMask = 2147483647;
			files = (
				895FCF9F1F3BE7E7008954F3 /* LaunchScreen.storyboard in Resources */,
				895FCF9C1F3BE7E7008954F3 /* Assets.xcassets in Resources */,
				895FCF9A1F3BE7E7008954F3 /* Main.storyboard in Resources */,
			);
			runOnlyForDeploymentPostprocessing = 0;
		};
/* End PBXResourcesBuildPhase section */

/* Begin PBXSourcesBuildPhase section */
		895FCF8D1F3BE7E7008954F3 /* Sources */ = {
			isa = PBXSourcesBuildPhase;
			buildActionMask = 2147483647;
			files = (
				895FCF971F3BE7E7008954F3 /* ViewController.swift in Sources */,
				895FCF951F3BE7E7008954F3 /* AppDelegate.swift in Sources */,
			);
			runOnlyForDeploymentPostprocessing = 0;
		};
/* End PBXSourcesBuildPhase section */

/* Begin PBXVariantGroup section */
		895FCF981F3BE7E7008954F3 /* Main.storyboard */ = {
			isa = PBXVariantGroup;
			children = (
				895FCF991F3BE7E7008954F3 /* Base */,
			);
			name = Main.storyboard;
			sourceTree = "<group>";
		};
		895FCF9D1F3BE7E7008954F3 /* LaunchScreen.storyboard */ = {
			isa = PBXVariantGroup;
			children = (
				895FCF9E1F3BE7E7008954F3 /* Base */,
			);
			name = LaunchScreen.storyboard;
			sourceTree = "<group>";
		};
/* End PBXVariantGroup section */

/* Begin XCBuildConfiguration section */
		895FCFA11F3BE7E7008954F3 /* Debug */ = {
			isa = XCBuildConfiguration;
			buildSettings = {
				ALWAYS_SEARCH_USER_PATHS = NO;
				CLANG_ANALYZER_NONNULL = YES;
				CLANG_ANALYZER_NUMBER_OBJECT_CONVERSION = YES_AGGRESSIVE;
				CLANG_CXX_LANGUAGE_STANDARD = "gnu++14";
				CLANG_CXX_LIBRARY = "libc++";
				CLANG_ENABLE_MODULES = YES;
				CLANG_ENABLE_OBJC_ARC = YES;
				CLANG_WARN_BLOCK_CAPTURE_AUTORELEASING = YES;
				CLANG_WARN_BOOL_CONVERSION = YES;
				CLANG_WARN_COMMA = YES;
				CLANG_WARN_CONSTANT_CONVERSION = YES;
				CLANG_WARN_DIRECT_OBJC_ISA_USAGE = YES_ERROR;
				CLANG_WARN_DOCUMENTATION_COMMENTS = YES;
				CLANG_WARN_EMPTY_BODY = YES;
				CLANG_WARN_ENUM_CONVERSION = YES;
				CLANG_WARN_INFINITE_RECURSION = YES;
				CLANG_WARN_INT_CONVERSION = YES;
				CLANG_WARN_NON_LITERAL_NULL_CONVERSION = YES;
				CLANG_WARN_OBJC_LITERAL_CONVERSION = YES;
				CLANG_WARN_OBJC_ROOT_CLASS = YES_ERROR;
				CLANG_WARN_RANGE_LOOP_ANALYSIS = YES;
				CLANG_WARN_STRICT_PROTOTYPES = YES;
				CLANG_WARN_SUSPICIOUS_MOVE = YES;
				CLANG_WARN_UNGUARDED_AVAILABILITY = YES_AGGRESSIVE;
				CLANG_WARN_UNREACHABLE_CODE = YES;
				CLANG_WARN__DUPLICATE_METHOD_MATCH = YES;
				CODE_SIGN_IDENTITY = "iPhone Developer";
				COPY_PHASE_STRIP = NO;
				DEBUG_INFORMATION_FORMAT = dwarf;
				ENABLE_STRICT_OBJC_MSGSEND = YES;
				ENABLE_TESTABILITY = YES;
				GCC_C_LANGUAGE_STANDARD = gnu11;
				GCC_DYNAMIC_NO_PIC = NO;
				GCC_NO_COMMON_BLOCKS = YES;
				GCC_OPTIMIZATION_LEVEL = 0;
				GCC_PREPROCESSOR_DEFINITIONS = (
					"DEBUG=1",
					"$(inherited)",
				);
				GCC_WARN_64_TO_32_BIT_CONVERSION = YES;
				GCC_WARN_ABOUT_RETURN_TYPE = YES_ERROR;
				GCC_WARN_UNDECLARED_SELECTOR = YES;
				GCC_WARN_UNINITIALIZED_AUTOS = YES_AGGRESSIVE;
				GCC_WARN_UNUSED_FUNCTION = YES;
				GCC_WARN_UNUSED_VARIABLE = YES;
				IPHONEOS_DEPLOYMENT_TARGET = 11.0;
				MTL_ENABLE_DEBUG_INFO = YES;
				ONLY_ACTIVE_ARCH = YES;
				SDKROOT = iphoneos;
				SWIFT_ACTIVE_COMPILATION_CONDITIONS = DEBUG;
				SWIFT_OPTIMIZATION_LEVEL = "-Onone";
			};
			name = Debug;
		};
		895FCFA21F3BE7E7008954F3 /* Release */ = {
			isa = XCBuildConfiguration;
			buildSettings = {
				ALWAYS_SEARCH_USER_PATHS = NO;
				CLANG_ANALYZER_NONNULL = YES;
				CLANG_ANALYZER_NUMBER_OBJECT_CONVERSION = YES_AGGRESSIVE;
				CLANG_CXX_LANGUAGE_STANDARD = "gnu++14";
				CLANG_CXX_LIBRARY = "libc++";
				CLANG_ENABLE_MODULES = YES;
				CLANG_ENABLE_OBJC_ARC = YES;
				CLANG_WARN_BLOCK_CAPTURE_AUTORELEASING = YES;
				CLANG_WARN_BOOL_CONVERSION = YES;
				CLANG_WARN_COMMA = YES;
				CLANG_WARN_CONSTANT_CONVERSION = YES;
				CLANG_WARN_DIRECT_OBJC_ISA_USAGE = YES_ERROR;
				CLANG_WARN_DOCUMENTATION_COMMENTS = YES;
				CLANG_WARN_EMPTY_BODY = YES;
				CLANG_WARN_ENUM_CONVERSION = YES;
				CLANG_WARN_INFINITE_RECURSION = YES;
				CLANG_WARN_INT_CONVERSION = YES;
				CLANG_WARN_NON_LITERAL_NULL_CONVERSION = YES;
				CLANG_WARN_OBJC_LITERAL_CONVERSION = YES;
				CLANG_WARN_OBJC_ROOT_CLASS = YES_ERROR;
				CLANG_WARN_RANGE_LOOP_ANALYSIS = YES;
				CLANG_WARN_STRICT_PROTOTYPES = YES;
				CLANG_WARN_SUSPICIOUS_MOVE = YES;
				CLANG_WARN_UNGUARDED_AVAILABILITY = YES_AGGRESSIVE;
				CLANG_WARN_UNREACHABLE_CODE = YES;
				CLANG_WARN__DUPLICATE_METHOD_MATCH = YES;
				CODE_SIGN_IDENTITY = "iPhone Developer";
				COPY_PHASE_STRIP = NO;
				DEBUG_INFORMATION_FORMAT = "dwarf-with-dsym";
				ENABLE_NS_ASSERTIONS = NO;
				ENABLE_STRICT_OBJC_MSGSEND = YES;
				GCC_C_LANGUAGE_STANDARD = gnu11;
				GCC_NO_COMMON_BLOCKS = YES;
				GCC_WARN_64_TO_32_BIT_CONVERSION = YES;
				GCC_WARN_ABOUT_RETURN_TYPE = YES_ERROR;
				GCC_WARN_UNDECLARED_SELECTOR = YES;
				GCC_WARN_UNINITIALIZED_AUTOS = YES_AGGRESSIVE;
				GCC_WARN_UNUSED_FUNCTION = YES;
				GCC_WARN_UNUSED_VARIABLE = YES;
				IPHONEOS_DEPLOYMENT_TARGET = 11.0;
				MTL_ENABLE_DEBUG_INFO = NO;
				SDKROOT = iphoneos;
				SWIFT_OPTIMIZATION_LEVEL = "-Owholemodule";
				VALIDATE_PRODUCT = YES;
			};
			name = Release;
		};
		895FCFA41F3BE7E7008954F3 /* Debug */ = {
			isa = XCBuildConfiguration;
			buildSettings = {
				ASSETCATALOG_COMPILER_APPICON_NAME = AppIcon;
				DEVELOPMENT_TEAM = X637757E6L;
				FRAMEWORK_SEARCH_PATHS = "~/Library/Developer/Xcode/DerivedData/PetroneAPI-bglmbzmyiyazgscijoekibhckudp/Build/Products/Debug-iphoneos/";
				INFOPLIST_FILE = example1/Info.plist;
				IPHONEOS_DEPLOYMENT_TARGET = 10.3;
				LD_RUNPATH_SEARCH_PATHS = "$(inherited) @executable_path/Frameworks";
				PRODUCT_BUNDLE_IDENTIFIER = kr.co.byrobot.example1;
				PRODUCT_NAME = "$(TARGET_NAME)";
				SWIFT_VERSION = 4.0;
				TARGETED_DEVICE_FAMILY = "1,2";
			};
			name = Debug;
		};
		895FCFA51F3BE7E7008954F3 /* Release */ = {
			isa = XCBuildConfiguration;
			buildSettings = {
				ASSETCATALOG_COMPILER_APPICON_NAME = AppIcon;
				DEVELOPMENT_TEAM = X637757E6L;
				FRAMEWORK_SEARCH_PATHS = "~/Library/Developer/Xcode/DerivedData/PetroneAPI-bglmbzmyiyazgscijoekibhckudp/Build/Products/Release-iphoneos/";
				INFOPLIST_FILE = example1/Info.plist;
				IPHONEOS_DEPLOYMENT_TARGET = 10.3;
				LD_RUNPATH_SEARCH_PATHS = "$(inherited) @executable_path/Frameworks";
				PRODUCT_BUNDLE_IDENTIFIER = kr.co.byrobot.example1;
				PRODUCT_NAME = "$(TARGET_NAME)";
				SWIFT_VERSION = 4.0;
				TARGETED_DEVICE_FAMILY = "1,2";
			};
			name = Release;
		};
/* End XCBuildConfiguration section */

/* Begin XCConfigurationList section */
		895FCF8C1F3BE7E7008954F3 /* Build configuration list for PBXProject "example" */ = {
			isa = XCConfigurationList;
			buildConfigurations = (
				895FCFA11F3BE7E7008954F3 /* Debug */,
				895FCFA21F3BE7E7008954F3 /* Release */,
			);
			defaultConfigurationIsVisible = 0;
			defaultConfigurationName = Release;
		};
		895FCFA31F3BE7E7008954F3 /* Build configuration list for PBXNativeTarget "example" */ = {
			isa = XCConfigurationList;
			buildConfigurations = (
				895FCFA41F3BE7E7008954F3 /* Debug */,
				895FCFA51F3BE7E7008954F3 /* Release */,
			);
			defaultConfigurationIsVisible = 0;
			defaultConfigurationName = Release;
		};
/* End XCConfigurationList section */
	};
	rootObject = 895FCF891F3BE7E7008954F3 /* Project object */;
}
